
Microsoft Visual Studio Solution File, Format Version 12.00
# Visual Studio 15
VisualStudioVersion = 15.0.27428.2015
MinimumVisualStudioVersion = 10.0.40219.1
Project("{FAE04EC0-301F-11D3-BF4B-00C04F79EFBC}") = "Library.WEB", "Library.WEB\Library.WEB.csproj", "{F1633BC9-EC8D-4A42-A8EC-5D7CE727DE1E}"
EndProject
Global
	GlobalSection(SolutionConfigurationPlatforms) = preSolution
		Debug|Any CPU = Debug|Any CPU
		Release|Any CPU = Release|Any CPU
	EndGlobalSection
	GlobalSection(ProjectConfigurationPlatforms) = postSolution
		{F1633BC9-EC8D-4A42-A8EC-5D7CE727DE1E}.Debug|Any CPU.ActiveCfg = Debug|Any CPU
		{F1633BC9-EC8D-4A42-A8EC-5D7CE727DE1E}.Debug|Any CPU.Build.0 = Debug|Any CPU
		{F1633BC9-EC8D-4A42-A8EC-5D7CE727DE1E}.Release|Any CPU.ActiveCfg = Release|Any CPU
		{F1633BC9-EC8D-4A42-A8EC-5D7CE727DE1E}.Release|Any CPU.Build.0 = Release|Any CPU
	EndGlobalSection
	GlobalSection(SolutionProperties) = preSolution
		HideSolutionNode = FALSE
	EndGlobalSection
	GlobalSection(ExtensibilityGlobals) = postSolution
		SolutionGuid = {27641A07-7374-43A2-9FD8-DF25380D6BD5}
	EndGlobalSection
EndGlobal
